
Microsoft Visual Studio Solution File, Format Version 12.00
# Visual Studio 15
VisualStudioVersion = 15.0.28307.136
MinimumVisualStudioVersion = 10.0.40219.1
Project("{FAE04EC0-301F-11D3-BF4B-00C04F79EFBC}") = "OpnetFileParser", "OpnetFileParser\OpnetFileParser.csproj", "{FD50520B-23E1-4BBC-885C-4B0924324759}"
EndProject
Project("{FAE04EC0-301F-11D3-BF4B-00C04F79EFBC}") = "UnitTests", "UnitTests\UnitTests.csproj", "{4F7E3039-BB14-49EE-A0CE-DB22809D276A}"
EndProject
Global
	GlobalSection(SolutionConfigurationPlatforms) = preSolution
		Debug|Any CPU = Debug|Any CPU
		Release|Any CPU = Release|Any CPU
	EndGlobalSection
	GlobalSection(ProjectConfigurationPlatforms) = postSolution
		{FD50520B-23E1-4BBC-885C-4B0924324759}.Debug|Any CPU.ActiveCfg = Debug|Any CPU
		{FD50520B-23E1-4BBC-885C-4B0924324759}.Debug|Any CPU.Build.0 = Debug|Any CPU
		{FD50520B-23E1-4BBC-885C-4B0924324759}.Release|Any CPU.ActiveCfg = Release|Any CPU
		{FD50520B-23E1-4BBC-885C-4B0924324759}.Release|Any CPU.Build.0 = Release|Any CPU
		{4F7E3039-BB14-49EE-A0CE-DB22809D276A}.Debug|Any CPU.ActiveCfg = Debug|Any CPU
		{4F7E3039-BB14-49EE-A0CE-DB22809D276A}.Debug|Any CPU.Build.0 = Debug|Any CPU
		{4F7E3039-BB14-49EE-A0CE-DB22809D276A}.Release|Any CPU.ActiveCfg = Release|Any CPU
		{4F7E3039-BB14-49EE-A0CE-DB22809D276A}.Release|Any CPU.Build.0 = Release|Any CPU
	EndGlobalSection
	GlobalSection(SolutionProperties) = preSolution
		HideSolutionNode = FALSE
	EndGlobalSection
	GlobalSection(ExtensibilityGlobals) = postSolution
		SolutionGuid = {BE2AAA5B-0781-44A8-A991-2F2189EC3DEE}
	EndGlobalSection
EndGlobal
